
Microsoft Visual Studio Solution File, Format Version 12.00
# Visual Studio Version 17
VisualStudioVersion = 17.0.32014.148
MinimumVisualStudioVersion = 10.0.40219.1
Project("{FAE04EC0-301F-11D3-BF4B-00C04F79EFBC}") = "BlogStudio", "BlogStudio.csproj", "{F7D53F88-CEDB-4AEC-BE3E-3874D037E54A}"
EndProject
Global
	GlobalSection(SolutionConfigurationPlatforms) = preSolution
		Debug|Any CPU = Debug|Any CPU
		Release|Any CPU = Release|Any CPU
	EndGlobalSection
	GlobalSection(ProjectConfigurationPlatforms) = postSolution
		{F7D53F88-CEDB-4AEC-BE3E-3874D037E54A}.Debug|Any CPU.ActiveCfg = Debug|Any CPU
		{F7D53F88-CEDB-4AEC-BE3E-3874D037E54A}.Debug|Any CPU.Build.0 = Debug|Any CPU
		{F7D53F88-CEDB-4AEC-BE3E-3874D037E54A}.Release|Any CPU.ActiveCfg = Release|Any CPU
		{F7D53F88-CEDB-4AEC-BE3E-3874D037E54A}.Release|Any CPU.Build.0 = Release|Any CPU
	EndGlobalSection
	GlobalSection(SolutionProperties) = preSolution
		HideSolutionNode = FALSE
	EndGlobalSection
	GlobalSection(ExtensibilityGlobals) = postSolution
		SolutionGuid = {CE66D219-8FAE-4059-9B83-FF187CE12609}
	EndGlobalSection
EndGlobal
